
Microsoft Visual Studio Solution File, Format Version 12.00
# Visual Studio Version 16
VisualStudioVersion = 16.0.31402.337
MinimumVisualStudioVersion = 10.0.40219.1
Project("{FAE04EC0-301F-11D3-BF4B-00C04F79EFBC}") = "GroceryStore", "GroceryStore.csproj", "{08317BC3-16A4-4E40-8489-E97EACB579ED}"
EndProject
Global
	GlobalSection(SolutionConfigurationPlatforms) = preSolution
		Debug|Any CPU = Debug|Any CPU
		Release|Any CPU = Release|Any CPU
	EndGlobalSection
	GlobalSection(ProjectConfigurationPlatforms) = postSolution
		{08317BC3-16A4-4E40-8489-E97EACB579ED}.Debug|Any CPU.ActiveCfg = Debug|Any CPU
		{08317BC3-16A4-4E40-8489-E97EACB579ED}.Debug|Any CPU.Build.0 = Debug|Any CPU
		{08317BC3-16A4-4E40-8489-E97EACB579ED}.Release|Any CPU.ActiveCfg = Release|Any CPU
		{08317BC3-16A4-4E40-8489-E97EACB579ED}.Release|Any CPU.Build.0 = Release|Any CPU
	EndGlobalSection
	GlobalSection(SolutionProperties) = preSolution
		HideSolutionNode = FALSE
	EndGlobalSection
	GlobalSection(ExtensibilityGlobals) = postSolution
		SolutionGuid = {5E334831-6A01-4C02-9696-323AB72271D7}
	EndGlobalSection
EndGlobal
